
Microsoft Visual Studio Solution File, Format Version 12.00
# Visual Studio Version 16
VisualStudioVersion = 16.0.30804.86
MinimumVisualStudioVersion = 10.0.40219.1
Project("{FAE04EC0-301F-11D3-BF4B-00C04F79EFBC}") = "AssociativeArrays", "AssociativeArrays\AssociativeArrays.csproj", "{E7676B37-0639-4E3C-8DC6-F1D9FBE0395E}"
EndProject
Project("{FAE04EC0-301F-11D3-BF4B-00C04F79EFBC}") = "CountCharsInString", "CountCharsInString\CountCharsInString.csproj", "{97A4D315-5884-46B9-A7C2-626464838BD2}"
EndProject
Project("{FAE04EC0-301F-11D3-BF4B-00C04F79EFBC}") = "AminerTask", "AminerTask\AminerTask.csproj", "{E9C2671D-F331-4D32-831C-FC84744B3D4E}"
EndProject
Project("{FAE04EC0-301F-11D3-BF4B-00C04F79EFBC}") = "LegendaryFarming", "LegendaryFarming\LegendaryFarming.csproj", "{B8664628-FD57-462E-8456-161EC8C03F26}"
EndProject
Project("{FAE04EC0-301F-11D3-BF4B-00C04F79EFBC}") = "Orders", "Orders\Orders.csproj", "{66E3D338-2720-414B-92A9-5B458ABBEF2F}"
EndProject
Project("{FAE04EC0-301F-11D3-BF4B-00C04F79EFBC}") = "SoftUniParking", "SoftUniParking\SoftUniParking.csproj", "{BC6B1150-CD50-4EAD-B7AB-EAF06399CA8E}"
EndProject
Project("{FAE04EC0-301F-11D3-BF4B-00C04F79EFBC}") = "Courses", "Courses\Courses.csproj", "{388B8CC2-49AB-4B2C-98AB-A1A89C7ABEAB}"
EndProject
Project("{FAE04EC0-301F-11D3-BF4B-00C04F79EFBC}") = "StudentAcademy", "StudentAcademy\StudentAcademy.csproj", "{E4EA40BD-3F67-4570-8506-CC4725FDA12E}"
EndProject
Project("{FAE04EC0-301F-11D3-BF4B-00C04F79EFBC}") = "CompanyUsers", "CompanyUsers\CompanyUsers.csproj", "{0B8B3B9D-C7F3-47F7-8AAA-840FE17E69B3}"
EndProject
Project("{FAE04EC0-301F-11D3-BF4B-00C04F79EFBC}") = "SoftUniExamResults", "SoftUniExamResults\SoftUniExamResults.csproj", "{A89EB553-72FB-4685-AA8C-A16F0DA92B2B}"
EndProject
Global
	GlobalSection(SolutionConfigurationPlatforms) = preSolution
		Debug|Any CPU = Debug|Any CPU
		Release|Any CPU = Release|Any CPU
	EndGlobalSection
	GlobalSection(ProjectConfigurationPlatforms) = postSolution
		{E7676B37-0639-4E3C-8DC6-F1D9FBE0395E}.Debug|Any CPU.ActiveCfg = Debug|Any CPU
		{E7676B37-0639-4E3C-8DC6-F1D9FBE0395E}.Debug|Any CPU.Build.0 = Debug|Any CPU
		{E7676B37-0639-4E3C-8DC6-F1D9FBE0395E}.Release|Any CPU.ActiveCfg = Release|Any CPU
		{E7676B37-0639-4E3C-8DC6-F1D9FBE0395E}.Release|Any CPU.Build.0 = Release|Any CPU
		{97A4D315-5884-46B9-A7C2-626464838BD2}.Debug|Any CPU.ActiveCfg = Debug|Any CPU
		{97A4D315-5884-46B9-A7C2-626464838BD2}.Debug|Any CPU.Build.0 = Debug|Any CPU
		{97A4D315-5884-46B9-A7C2-626464838BD2}.Release|Any CPU.ActiveCfg = Release|Any CPU
		{97A4D315-5884-46B9-A7C2-626464838BD2}.Release|Any CPU.Build.0 = Release|Any CPU
		{E9C2671D-F331-4D32-831C-FC84744B3D4E}.Debug|Any CPU.ActiveCfg = Debug|Any CPU
		{E9C2671D-F331-4D32-831C-FC84744B3D4E}.Debug|Any CPU.Build.0 = Debug|Any CPU
		{E9C2671D-F331-4D32-831C-FC84744B3D4E}.Release|Any CPU.ActiveCfg = Release|Any CPU
		{E9C2671D-F331-4D32-831C-FC84744B3D4E}.Release|Any CPU.Build.0 = Release|Any CPU
		{B8664628-FD57-462E-8456-161EC8C03F26}.Debug|Any CPU.ActiveCfg = Debug|Any CPU
		{B8664628-FD57-462E-8456-161EC8C03F26}.Debug|Any CPU.Build.0 = Debug|Any CPU
		{B8664628-FD57-462E-8456-161EC8C03F26}.Release|Any CPU.ActiveCfg = Release|Any CPU
		{B8664628-FD57-462E-8456-161EC8C03F26}.Release|Any CPU.Build.0 = Release|Any CPU
		{66E3D338-2720-414B-92A9-5B458ABBEF2F}.Debug|Any CPU.ActiveCfg = Debug|Any CPU
		{66E3D338-2720-414B-92A9-5B458ABBEF2F}.Debug|Any CPU.Build.0 = Debug|Any CPU
		{66E3D338-2720-414B-92A9-5B458ABBEF2F}.Release|Any CPU.ActiveCfg = Release|Any CPU
		{66E3D338-2720-414B-92A9-5B458ABBEF2F}.Release|Any CPU.Build.0 = Release|Any CPU
		{BC6B1150-CD50-4EAD-B7AB-EAF06399CA8E}.Debug|Any CPU.ActiveCfg = Debug|Any CPU
		{BC6B1150-CD50-4EAD-B7AB-EAF06399CA8E}.Debug|Any CPU.Build.0 = Debug|Any CPU
		{BC6B1150-CD50-4EAD-B7AB-EAF06399CA8E}.Release|Any CPU.ActiveCfg = Release|Any CPU
		{BC6B1150-CD50-4EAD-B7AB-EAF06399CA8E}.Release|Any CPU.Build.0 = Release|Any CPU
		{388B8CC2-49AB-4B2C-98AB-A1A89C7ABEAB}.Debug|Any CPU.ActiveCfg = Debug|Any CPU
		{388B8CC2-49AB-4B2C-98AB-A1A89C7ABEAB}.Debug|Any CPU.Build.0 = Debug|Any CPU
		{388B8CC2-49AB-4B2C-98AB-A1A89C7ABEAB}.Release|Any CPU.ActiveCfg = Release|Any CPU
		{388B8CC2-49AB-4B2C-98AB-A1A89C7ABEAB}.Release|Any CPU.Build.0 = Release|Any CPU
		{E4EA40BD-3F67-4570-8506-CC4725FDA12E}.Debug|Any CPU.ActiveCfg = Debug|Any CPU
		{E4EA40BD-3F67-4570-8506-CC4725FDA12E}.Debug|Any CPU.Build.0 = Debug|Any CPU
		{E4EA40BD-3F67-4570-8506-CC4725FDA12E}.Release|Any CPU.ActiveCfg = Release|Any CPU
		{E4EA40BD-3F67-4570-8506-CC4725FDA12E}.Release|Any CPU.Build.0 = Release|Any CPU
		{0B8B3B9D-C7F3-47F7-8AAA-840FE17E69B3}.Debug|Any CPU.ActiveCfg = Debug|Any CPU
		{0B8B3B9D-C7F3-47F7-8AAA-840FE17E69B3}.Debug|Any CPU.Build.0 = Debug|Any CPU
		{0B8B3B9D-C7F3-47F7-8AAA-840FE17E69B3}.Release|Any CPU.ActiveCfg = Release|Any CPU
		{0B8B3B9D-C7F3-47F7-8AAA-840FE17E69B3}.Release|Any CPU.Build.0 = Release|Any CPU
		{A89EB553-72FB-4685-AA8C-A16F0DA92B2B}.Debug|Any CPU.ActiveCfg = Debug|Any CPU
		{A89EB553-72FB-4685-AA8C-A16F0DA92B2B}.Debug|Any CPU.Build.0 = Debug|Any CPU
		{A89EB553-72FB-4685-AA8C-A16F0DA92B2B}.Release|Any CPU.ActiveCfg = Release|Any CPU
		{A89EB553-72FB-4685-AA8C-A16F0DA92B2B}.Release|Any CPU.Build.0 = Release|Any CPU
	EndGlobalSection
	GlobalSection(SolutionProperties) = preSolution
		HideSolutionNode = FALSE
	EndGlobalSection
	GlobalSection(ExtensibilityGlobals) = postSolution
		SolutionGuid = {40D08554-B0BD-4E26-9B07-DF515DFB68DA}
	EndGlobalSection
EndGlobal
